// !$*UTF8*$!
{
	archiveVersion = 1;
	classes = {
	};
	objectVersion = 50;
	objects = {

/* Begin PBXBuildFile section */
		314BBBB569E58D04C49DCB99 /* Pods_llv2Tests.framework in Frameworks */ = {isa = PBXBuildFile; fileRef = F92FB5C7110457E331FC75C8 /* Pods_llv2Tests.framework */; };
		512FE163210F666F00B40223 /* UserService.swift in Sources */ = {isa = PBXBuildFile; fileRef = 512FE162210F666F00B40223 /* UserService.swift */; };
		5134CD6F21153E3500CDD11F /* xianzhiVController.swift in Sources */ = {isa = PBXBuildFile; fileRef = 5134CD6E21153E3500CDD11F /* xianzhiVController.swift */; };
		514FAD20210A361800C780AD /* forgetPassViewController.swift in Sources */ = {isa = PBXBuildFile; fileRef = 514FAD1F210A361800C780AD /* forgetPassViewController.swift */; };
		51626E10210106B10047B303 /* SWRevealViewController.m in Sources */ = {isa = PBXBuildFile; fileRef = 51626E0E210106B10047B303 /* SWRevealViewController.m */; };
		51626E13210108700047B303 /* GoogleService-Info.plist in Resources */ = {isa = PBXBuildFile; fileRef = 51626E122101086F0047B303 /* GoogleService-Info.plist */; };
		516F7FBE210101BB001C0C55 /* AppDelegate.swift in Sources */ = {isa = PBXBuildFile; fileRef = 516F7FBD210101BB001C0C55 /* AppDelegate.swift */; };
		516F7FC0210101BB001C0C55 /* ViewController.swift in Sources */ = {isa = PBXBuildFile; fileRef = 516F7FBF210101BB001C0C55 /* ViewController.swift */; };
		516F7FC3210101BB001C0C55 /* Main.storyboard in Resources */ = {isa = PBXBuildFile; fileRef = 516F7FC1210101BB001C0C55 /* Main.storyboard */; };
		516F7FC5210101BD001C0C55 /* Assets.xcassets in Resources */ = {isa = PBXBuildFile; fileRef = 516F7FC4210101BD001C0C55 /* Assets.xcassets */; };
		516F7FC8210101BD001C0C55 /* LaunchScreen.storyboard in Resources */ = {isa = PBXBuildFile; fileRef = 516F7FC6210101BD001C0C55 /* LaunchScreen.storyboard */; };
		516F7FD3210101BD001C0C55 /* llv2Tests.swift in Sources */ = {isa = PBXBuildFile; fileRef = 516F7FD2210101BD001C0C55 /* llv2Tests.swift */; };
		516F7FDE210101BD001C0C55 /* llv2UITests.swift in Sources */ = {isa = PBXBuildFile; fileRef = 516F7FDD210101BD001C0C55 /* llv2UITests.swift */; };
		518BD2C2211D402F00B56514 /* checkCarpoolController.swift in Sources */ = {isa = PBXBuildFile; fileRef = 518BD2C1211D402F00B56514 /* checkCarpoolController.swift */; };
		518BD2C4211D464D00B56514 /* checkXianzhiController.swift in Sources */ = {isa = PBXBuildFile; fileRef = 518BD2C3211D464D00B56514 /* checkXianzhiController.swift */; };
		519B31E9211BEBFB002850AB /* profileCheckController.swift in Sources */ = {isa = PBXBuildFile; fileRef = 519B31E8211BEBFB002850AB /* profileCheckController.swift */; };
		51A077B92123C9AE005DC26E /* CollectionViewCell.swift in Sources */ = {isa = PBXBuildFile; fileRef = 51A077B82123C9AE005DC26E /* CollectionViewCell.swift */; };
		51A7E72F211E9C7F0022AD66 /* chatLog.swift in Sources */ = {isa = PBXBuildFile; fileRef = 51A7E72E211E9C7E0022AD66 /* chatLog.swift */; };
		51A837DB2108C2A5009D17D5 /* changePictureViewController.swift in Sources */ = {isa = PBXBuildFile; fileRef = 51A837DA2108C2A5009D17D5 /* changePictureViewController.swift */; };
		51B52D4C211F982400D2B9E9 /* Message.swift in Sources */ = {isa = PBXBuildFile; fileRef = 51B52D4B211F982400D2B9E9 /* Message.swift */; };
		51B52D5D211FA5FB00D2B9E9 /* myMesController.swift in Sources */ = {isa = PBXBuildFile; fileRef = 51B52D5C211FA5FB00D2B9E9 /* myMesController.swift */; };
		51B52D60211FE0D200D2B9E9 /* messageRecCell.swift in Sources */ = {isa = PBXBuildFile; fileRef = 51B52D5E211FE0D200D2B9E9 /* messageRecCell.swift */; };
		51B52D61211FE0D200D2B9E9 /* messageRecCell.xib in Resources */ = {isa = PBXBuildFile; fileRef = 51B52D5F211FE0D200D2B9E9 /* messageRecCell.xib */; };
		51B562602101023200FF8D25 /* revealController.swift in Sources */ = {isa = PBXBuildFile; fileRef = 51B5624E2101022E00FF8D25 /* revealController.swift */; };
		51B562612101023200FF8D25 /* xianzhiViewController.swift in Sources */ = {isa = PBXBuildFile; fileRef = 51B5624F2101022E00FF8D25 /* xianzhiViewController.swift */; };
		51B562622101023200FF8D25 /* sendAdViewContronller.swift in Sources */ = {isa = PBXBuildFile; fileRef = 51B562502101022F00FF8D25 /* sendAdViewContronller.swift */; };
		51B562652101023200FF8D25 /* profileViewController.swift in Sources */ = {isa = PBXBuildFile; fileRef = 51B562532101022F00FF8D25 /* profileViewController.swift */; };
		51B562672101023200FF8D25 /* menuController.swift in Sources */ = {isa = PBXBuildFile; fileRef = 51B562552101023000FF8D25 /* menuController.swift */; };
		51B562682101023200FF8D25 /* loginController.swift in Sources */ = {isa = PBXBuildFile; fileRef = 51B562562101023000FF8D25 /* loginController.swift */; };
		51B562692101023200FF8D25 /* carpoolAdViewController.swift in Sources */ = {isa = PBXBuildFile; fileRef = 51B562572101023000FF8D25 /* carpoolAdViewController.swift */; };
		51B5626A2101023200FF8D25 /* registerViewController.swift in Sources */ = {isa = PBXBuildFile; fileRef = 51B562582101023000FF8D25 /* registerViewController.swift */; };
		8DE366A61B7E0BF592006F26 /* Pods_llv2UITests.framework in Frameworks */ = {isa = PBXBuildFile; fileRef = A1327D6AF37BDCE47C29572C /* Pods_llv2UITests.framework */; };
		BB2D11734CEC59DE84887112 /* Pods_llv2.framework in Frameworks */ = {isa = PBXBuildFile; fileRef = C1643E26BC66856089A33E2E /* Pods_llv2.framework */; };
		FA1454EC2123C49B00B03E1D /* LikeTab.swift in Sources */ = {isa = PBXBuildFile; fileRef = FA1454EB2123C49A00B03E1D /* LikeTab.swift */; };
		FA1454EE2123CCD300B03E1D /* sent1.swift in Sources */ = {isa = PBXBuildFile; fileRef = FA1454ED2123CCD300B03E1D /* sent1.swift */; };
		FA1454F02123CCDE00B03E1D /* sent2.swift in Sources */ = {isa = PBXBuildFile; fileRef = FA1454EF2123CCDE00B03E1D /* sent2.swift */; };
		FA1454F22123CCE800B03E1D /* sent3.swift in Sources */ = {isa = PBXBuildFile; fileRef = FA1454F12123CCE800B03E1D /* sent3.swift */; };
		FA1454F6212921FF00B03E1D /* cacheVC.swift in Sources */ = {isa = PBXBuildFile; fileRef = FA1454F5212921FF00B03E1D /* cacheVC.swift */; };
		FA270009211B41E000B6133A /* alreadySendVC.swift in Sources */ = {isa = PBXBuildFile; fileRef = FA270008211B41E000B6133A /* alreadySendVC.swift */; };
		FA28F775210CFCC600D4D5BC /* exchangeTVC.swift in Sources */ = {isa = PBXBuildFile; fileRef = FA28F774210CFCC600D4D5BC /* exchangeTVC.swift */; };
		FA323A0B210CFEC8003066D3 /* TableViewCell3.swift in Sources */ = {isa = PBXBuildFile; fileRef = FA323A09210CFEC8003066D3 /* TableViewCell3.swift */; };
		FA323A0C210CFEC8003066D3 /* TableViewCell3.xib in Resources */ = {isa = PBXBuildFile; fileRef = FA323A0A210CFEC8003066D3 /* TableViewCell3.xib */; };
		FA323A1421102323003066D3 /* CarVC.swift in Sources */ = {isa = PBXBuildFile; fileRef = FA323A1321102323003066D3 /* CarVC.swift */; };
		FA3F68B3212A83A20061572E /* xianzhiSearchVC.swift in Sources */ = {isa = PBXBuildFile; fileRef = FA3F68B0212A83A20061572E /* xianzhiSearchVC.swift */; };
		FA3F68B4212A83A20061572E /* carpoolSearchVC.swift in Sources */ = {isa = PBXBuildFile; fileRef = FA3F68B1212A83A20061572E /* carpoolSearchVC.swift */; };
		FA3F68B5212A83A20061572E /* exchangeSearchVC.swift in Sources */ = {isa = PBXBuildFile; fileRef = FA3F68B2212A83A20061572E /* exchangeSearchVC.swift */; };
		FA93FF472108155E0070DD60 /* settingPageVC.swift in Sources */ = {isa = PBXBuildFile; fileRef = FA93FF462108155E0070DD60 /* settingPageVC.swift */; };
		FA93FF4A2108ED7B0070DD60 /* xainzhiTVC.swift in Sources */ = {isa = PBXBuildFile; fileRef = FA93FF492108ED7B0070DD60 /* xainzhiTVC.swift */; };
		FA93FF4D2108EDD40070DD60 /* TableViewCell1.swift in Sources */ = {isa = PBXBuildFile; fileRef = FA93FF4B2108EDD40070DD60 /* TableViewCell1.swift */; };
		FA93FF4E2108EDD40070DD60 /* TableViewCell1.xib in Resources */ = {isa = PBXBuildFile; fileRef = FA93FF4C2108EDD40070DD60 /* TableViewCell1.xib */; };
		FA93FF51210900F90070DD60 /* image in Resources */ = {isa = PBXBuildFile; fileRef = FA93FF50210900F90070DD60 /* image */; };
		FA93FF55210ABD0B0070DD60 /* exchangeVC.swift in Sources */ = {isa = PBXBuildFile; fileRef = FA93FF54210ABD0B0070DD60 /* exchangeVC.swift */; };
		FAA2839A21212EA700BB3FE9 /* dra1.swift in Sources */ = {isa = PBXBuildFile; fileRef = FAA2839921212EA700BB3FE9 /* dra1.swift */; };
		FAA2839C21212EB500BB3FE9 /* dra2.swift in Sources */ = {isa = PBXBuildFile; fileRef = FAA2839B21212EB500BB3FE9 /* dra2.swift */; };
		FAA2839E2122520000BB3FE9 /* dra3.swift in Sources */ = {isa = PBXBuildFile; fileRef = FAA2839D2122520000BB3FE9 /* dra3.swift */; };
		FAB18EA3210BB9D100439E3C /* TableViewCell2.swift in Sources */ = {isa = PBXBuildFile; fileRef = FAB18EA1210BB9D100439E3C /* TableViewCell2.swift */; };
		FAB18EA4210BB9D100439E3C /* TableViewCell2.xib in Resources */ = {isa = PBXBuildFile; fileRef = FAB18EA2210BB9D100439E3C /* TableViewCell2.xib */; };
		FAB18EA6210BBD6000439E3C /* CollectionTVC.swift in Sources */ = {isa = PBXBuildFile; fileRef = FAB18EA5210BBD6000439E3C /* CollectionTVC.swift */; };
		FAC7EB672116359500FE2FDE /* personalVC.swift in Sources */ = {isa = PBXBuildFile; fileRef = FAC7EB662116359500FE2FDE /* personalVC.swift */; };
		FAEB9EBB211E9661004F8DA0 /* sentTBC.swift in Sources */ = {isa = PBXBuildFile; fileRef = FAEB9EBA211E9661004F8DA0 /* sentTBC.swift */; };
/* End PBXBuildFile section */

/* Begin PBXContainerItemProxy section */
		516F7FCF210101BD001C0C55 /* PBXContainerItemProxy */ = {
			isa = PBXContainerItemProxy;
			containerPortal = 516F7FB2210101BB001C0C55 /* Project object */;
			proxyType = 1;
			remoteGlobalIDString = 516F7FB9210101BB001C0C55;
			remoteInfo = llv2;
		};
		516F7FDA210101BD001C0C55 /* PBXContainerItemProxy */ = {
			isa = PBXContainerItemProxy;
			containerPortal = 516F7FB2210101BB001C0C55 /* Project object */;
			proxyType = 1;
			remoteGlobalIDString = 516F7FB9210101BB001C0C55;
			remoteInfo = llv2;
		};
/* End PBXContainerItemProxy section */

/* Begin PBXFileReference section */
		512FE162210F666F00B40223 /* UserService.swift */ = {isa = PBXFileReference; lastKnownFileType = sourcecode.swift; path = UserService.swift; sourceTree = "<group>"; };
		5134CD6E21153E3500CDD11F /* xianzhiVController.swift */ = {isa = PBXFileReference; lastKnownFileType = sourcecode.swift; path = xianzhiVController.swift; sourceTree = "<group>"; };
		514FAD1F210A361800C780AD /* forgetPassViewController.swift */ = {isa = PBXFileReference; lastKnownFileType = sourcecode.swift; path = forgetPassViewController.swift; sourceTree = "<group>"; };
		51626E0D210106B10047B303 /* SWRevealViewController.h */ = {isa = PBXFileReference; fileEncoding = 4; lastKnownFileType = sourcecode.c.h; path = SWRevealViewController.h; sourceTree = "<group>"; };
		51626E0E210106B10047B303 /* SWRevealViewController.m */ = {isa = PBXFileReference; fileEncoding = 4; lastKnownFileType = sourcecode.c.objc; path = SWRevealViewController.m; sourceTree = "<group>"; };
		51626E11210106E90047B303 /* llv2-Bridging-Header.h */ = {isa = PBXFileReference; lastKnownFileType = sourcecode.c.h; name = "llv2-Bridging-Header.h"; path = "llv2/llv2-Bridging-Header.h"; sourceTree = SOURCE_ROOT; };
		51626E122101086F0047B303 /* GoogleService-Info.plist */ = {isa = PBXFileReference; fileEncoding = 4; lastKnownFileType = text.plist.xml; path = "GoogleService-Info.plist"; sourceTree = "<group>"; };
		516F7FBA210101BB001C0C55 /* llv2.app */ = {isa = PBXFileReference; explicitFileType = wrapper.application; includeInIndex = 0; path = llv2.app; sourceTree = BUILT_PRODUCTS_DIR; };
		516F7FBD210101BB001C0C55 /* AppDelegate.swift */ = {isa = PBXFileReference; lastKnownFileType = sourcecode.swift; path = AppDelegate.swift; sourceTree = "<group>"; };
		516F7FBF210101BB001C0C55 /* ViewController.swift */ = {isa = PBXFileReference; lastKnownFileType = sourcecode.swift; path = ViewController.swift; sourceTree = "<group>"; };
		516F7FC2210101BB001C0C55 /* Base */ = {isa = PBXFileReference; lastKnownFileType = file.storyboard; name = Base; path = Base.lproj/Main.storyboard; sourceTree = "<group>"; };
		516F7FC4210101BD001C0C55 /* Assets.xcassets */ = {isa = PBXFileReference; lastKnownFileType = folder.assetcatalog; path = Assets.xcassets; sourceTree = "<group>"; };
		516F7FC7210101BD001C0C55 /* Base */ = {isa = PBXFileReference; lastKnownFileType = file.storyboard; name = Base; path = Base.lproj/LaunchScreen.storyboard; sourceTree = "<group>"; };
		516F7FC9210101BD001C0C55 /* Info.plist */ = {isa = PBXFileReference; lastKnownFileType = text.plist.xml; path = Info.plist; sourceTree = "<group>"; };
		516F7FCE210101BD001C0C55 /* llv2Tests.xctest */ = {isa = PBXFileReference; explicitFileType = wrapper.cfbundle; includeInIndex = 0; path = llv2Tests.xctest; sourceTree = BUILT_PRODUCTS_DIR; };
		516F7FD2210101BD001C0C55 /* llv2Tests.swift */ = {isa = PBXFileReference; lastKnownFileType = sourcecode.swift; path = llv2Tests.swift; sourceTree = "<group>"; };
		516F7FD4210101BD001C0C55 /* Info.plist */ = {isa = PBXFileReference; lastKnownFileType = text.plist.xml; path = Info.plist; sourceTree = "<group>"; };
		516F7FD9210101BD001C0C55 /* llv2UITests.xctest */ = {isa = PBXFileReference; explicitFileType = wrapper.cfbundle; includeInIndex = 0; path = llv2UITests.xctest; sourceTree = BUILT_PRODUCTS_DIR; };
		516F7FDD210101BD001C0C55 /* llv2UITests.swift */ = {isa = PBXFileReference; lastKnownFileType = sourcecode.swift; path = llv2UITests.swift; sourceTree = "<group>"; };
		516F7FDF210101BD001C0C55 /* Info.plist */ = {isa = PBXFileReference; lastKnownFileType = text.plist.xml; path = Info.plist; sourceTree = "<group>"; };
		518BD2C1211D402F00B56514 /* checkCarpoolController.swift */ = {isa = PBXFileReference; lastKnownFileType = sourcecode.swift; path = checkCarpoolController.swift; sourceTree = "<group>"; };
		518BD2C3211D464D00B56514 /* checkXianzhiController.swift */ = {isa = PBXFileReference; lastKnownFileType = sourcecode.swift; path = checkXianzhiController.swift; sourceTree = "<group>"; };
		519B31E8211BEBFB002850AB /* profileCheckController.swift */ = {isa = PBXFileReference; lastKnownFileType = sourcecode.swift; path = profileCheckController.swift; sourceTree = "<group>"; };
		51A077B82123C9AE005DC26E /* CollectionViewCell.swift */ = {isa = PBXFileReference; lastKnownFileType = sourcecode.swift; path = CollectionViewCell.swift; sourceTree = "<group>"; };
		51A7E72E211E9C7E0022AD66 /* chatLog.swift */ = {isa = PBXFileReference; fileEncoding = 4; lastKnownFileType = sourcecode.swift; path = chatLog.swift; sourceTree = "<group>"; };
		51A837DA2108C2A5009D17D5 /* changePictureViewController.swift */ = {isa = PBXFileReference; lastKnownFileType = sourcecode.swift; path = changePictureViewController.swift; sourceTree = "<group>"; };
		51B52D4B211F982400D2B9E9 /* Message.swift */ = {isa = PBXFileReference; lastKnownFileType = sourcecode.swift; path = Message.swift; sourceTree = "<group>"; };
		51B52D5C211FA5FB00D2B9E9 /* myMesController.swift */ = {isa = PBXFileReference; lastKnownFileType = sourcecode.swift; path = myMesController.swift; sourceTree = "<group>"; };
		51B52D5E211FE0D200D2B9E9 /* messageRecCell.swift */ = {isa = PBXFileReference; lastKnownFileType = sourcecode.swift; path = messageRecCell.swift; sourceTree = "<group>"; };
		51B52D5F211FE0D200D2B9E9 /* messageRecCell.xib */ = {isa = PBXFileReference; lastKnownFileType = file.xib; path = messageRecCell.xib; sourceTree = "<group>"; };
		51B5624E2101022E00FF8D25 /* revealController.swift */ = {isa = PBXFileReference; fileEncoding = 4; lastKnownFileType = sourcecode.swift; path = revealController.swift; sourceTree = "<group>"; };
		51B5624F2101022E00FF8D25 /* xianzhiViewController.swift */ = {isa = PBXFileReference; fileEncoding = 4; lastKnownFileType = sourcecode.swift; path = xianzhiViewController.swift; sourceTree = "<group>"; };
		51B562502101022F00FF8D25 /* sendAdViewContronller.swift */ = {isa = PBXFileReference; fileEncoding = 4; lastKnownFileType = sourcecode.swift; path = sendAdViewContronller.swift; sourceTree = "<group>"; };
		51B562532101022F00FF8D25 /* profileViewController.swift */ = {isa = PBXFileReference; fileEncoding = 4; lastKnownFileType = sourcecode.swift; path = profileViewController.swift; sourceTree = "<group>"; };
		51B562552101023000FF8D25 /* menuController.swift */ = {isa = PBXFileReference; fileEncoding = 4; lastKnownFileType = sourcecode.swift; path = menuController.swift; sourceTree = "<group>"; };
		51B562562101023000FF8D25 /* loginController.swift */ = {isa = PBXFileReference; fileEncoding = 4; lastKnownFileType = sourcecode.swift; path = loginController.swift; sourceTree = "<group>"; };
		51B562572101023000FF8D25 /* carpoolAdViewController.swift */ = {isa = PBXFileReference; fileEncoding = 4; lastKnownFileType = sourcecode.swift; path = carpoolAdViewController.swift; sourceTree = "<group>"; };
		51B562582101023000FF8D25 /* registerViewController.swift */ = {isa = PBXFileReference; fileEncoding = 4; lastKnownFileType = sourcecode.swift; path = registerViewController.swift; sourceTree = "<group>"; };
		5DCC7E38A6E9E8BCF7FC66D5 /* Pods-llv2Tests.debug.xcconfig */ = {isa = PBXFileReference; includeInIndex = 1; lastKnownFileType = text.xcconfig; name = "Pods-llv2Tests.debug.xcconfig"; path = "Pods/Target Support Files/Pods-llv2Tests/Pods-llv2Tests.debug.xcconfig"; sourceTree = "<group>"; };
		5E57A1D2C0F8FDC1089BDE4B /* Pods-llv2.debug.xcconfig */ = {isa = PBXFileReference; includeInIndex = 1; lastKnownFileType = text.xcconfig; name = "Pods-llv2.debug.xcconfig"; path = "Pods/Target Support Files/Pods-llv2/Pods-llv2.debug.xcconfig"; sourceTree = "<group>"; };
		7455DF52F7C9EFE395776486 /* Pods-llv2Tests.release.xcconfig */ = {isa = PBXFileReference; includeInIndex = 1; lastKnownFileType = text.xcconfig; name = "Pods-llv2Tests.release.xcconfig"; path = "Pods/Target Support Files/Pods-llv2Tests/Pods-llv2Tests.release.xcconfig"; sourceTree = "<group>"; };
		9A45341CAAFB334857A362E2 /* Pods-llv2.release.xcconfig */ = {isa = PBXFileReference; includeInIndex = 1; lastKnownFileType = text.xcconfig; name = "Pods-llv2.release.xcconfig"; path = "Pods/Target Support Files/Pods-llv2/Pods-llv2.release.xcconfig"; sourceTree = "<group>"; };
		A1327D6AF37BDCE47C29572C /* Pods_llv2UITests.framework */ = {isa = PBXFileReference; explicitFileType = wrapper.framework; includeInIndex = 0; path = Pods_llv2UITests.framework; sourceTree = BUILT_PRODUCTS_DIR; };
		C1643E26BC66856089A33E2E /* Pods_llv2.framework */ = {isa = PBXFileReference; explicitFileType = wrapper.framework; includeInIndex = 0; path = Pods_llv2.framework; sourceTree = BUILT_PRODUCTS_DIR; };
		D315C848D886DCBB8F607BC6 /* Pods-llv2UITests.release.xcconfig */ = {isa = PBXFileReference; includeInIndex = 1; lastKnownFileType = text.xcconfig; name = "Pods-llv2UITests.release.xcconfig"; path = "Pods/Target Support Files/Pods-llv2UITests/Pods-llv2UITests.release.xcconfig"; sourceTree = "<group>"; };
		F31EDFF509925B70133C3FB1 /* Pods-llv2UITests.debug.xcconfig */ = {isa = PBXFileReference; includeInIndex = 1; lastKnownFileType = text.xcconfig; name = "Pods-llv2UITests.debug.xcconfig"; path = "Pods/Target Support Files/Pods-llv2UITests/Pods-llv2UITests.debug.xcconfig"; sourceTree = "<group>"; };
		F92FB5C7110457E331FC75C8 /* Pods_llv2Tests.framework */ = {isa = PBXFileReference; explicitFileType = wrapper.framework; includeInIndex = 0; path = Pods_llv2Tests.framework; sourceTree = BUILT_PRODUCTS_DIR; };
		FA1454EB2123C49A00B03E1D /* LikeTab.swift */ = {isa = PBXFileReference; lastKnownFileType = sourcecode.swift; path = LikeTab.swift; sourceTree = "<group>"; };
		FA1454ED2123CCD300B03E1D /* sent1.swift */ = {isa = PBXFileReference; lastKnownFileType = sourcecode.swift; path = sent1.swift; sourceTree = "<group>"; };
		FA1454EF2123CCDE00B03E1D /* sent2.swift */ = {isa = PBXFileReference; lastKnownFileType = sourcecode.swift; path = sent2.swift; sourceTree = "<group>"; };
		FA1454F12123CCE800B03E1D /* sent3.swift */ = {isa = PBXFileReference; lastKnownFileType = sourcecode.swift; path = sent3.swift; sourceTree = "<group>"; };
		FA1454F5212921FF00B03E1D /* cacheVC.swift */ = {isa = PBXFileReference; lastKnownFileType = sourcecode.swift; path = cacheVC.swift; sourceTree = "<group>"; };
		FA270008211B41E000B6133A /* alreadySendVC.swift */ = {isa = PBXFileReference; lastKnownFileType = sourcecode.swift; path = alreadySendVC.swift; sourceTree = "<group>"; };
		FA28F774210CFCC600D4D5BC /* exchangeTVC.swift */ = {isa = PBXFileReference; lastKnownFileType = sourcecode.swift; path = exchangeTVC.swift; sourceTree = "<group>"; };
		FA323A09210CFEC8003066D3 /* TableViewCell3.swift */ = {isa = PBXFileReference; lastKnownFileType = sourcecode.swift; path = TableViewCell3.swift; sourceTree = "<group>"; };
		FA323A0A210CFEC8003066D3 /* TableViewCell3.xib */ = {isa = PBXFileReference; lastKnownFileType = file.xib; path = TableViewCell3.xib; sourceTree = "<group>"; };
		FA323A1321102323003066D3 /* CarVC.swift */ = {isa = PBXFileReference; lastKnownFileType = sourcecode.swift; path = CarVC.swift; sourceTree = "<group>"; };
		FA3F68B0212A83A20061572E /* xianzhiSearchVC.swift */ = {isa = PBXFileReference; fileEncoding = 4; lastKnownFileType = sourcecode.swift; path = xianzhiSearchVC.swift; sourceTree = "<group>"; };
		FA3F68B1212A83A20061572E /* carpoolSearchVC.swift */ = {isa = PBXFileReference; fileEncoding = 4; lastKnownFileType = sourcecode.swift; path = carpoolSearchVC.swift; sourceTree = "<group>"; };
		FA3F68B2212A83A20061572E /* exchangeSearchVC.swift */ = {isa = PBXFileReference; fileEncoding = 4; lastKnownFileType = sourcecode.swift; path = exchangeSearchVC.swift; sourceTree = "<group>"; };
		FA93FF462108155E0070DD60 /* settingPageVC.swift */ = {isa = PBXFileReference; lastKnownFileType = sourcecode.swift; path = settingPageVC.swift; sourceTree = "<group>"; };
		FA93FF492108ED7B0070DD60 /* xainzhiTVC.swift */ = {isa = PBXFileReference; lastKnownFileType = sourcecode.swift; path = xainzhiTVC.swift; sourceTree = "<group>"; };
		FA93FF4B2108EDD40070DD60 /* TableViewCell1.swift */ = {isa = PBXFileReference; lastKnownFileType = sourcecode.swift; path = TableViewCell1.swift; sourceTree = "<group>"; };
		FA93FF4C2108EDD40070DD60 /* TableViewCell1.xib */ = {isa = PBXFileReference; lastKnownFileType = file.xib; path = TableViewCell1.xib; sourceTree = "<group>"; };
		FA93FF50210900F90070DD60 /* image */ = {isa = PBXFileReference; lastKnownFileType = folder; path = image; sourceTree = SOURCE_ROOT; };
		FA93FF52210901020070DD60 /* IMG_2159.jpg */ = {isa = PBXFileReference; lastKnownFileType = image.jpeg; path = IMG_2159.jpg; sourceTree = "<group>"; };
		FA93FF532109010F0070DD60 /* IMG_5333.jpg */ = {isa = PBXFileReference; lastKnownFileType = image.jpeg; path = IMG_5333.jpg; sourceTree = "<group>"; };
		FA93FF54210ABD0B0070DD60 /* exchangeVC.swift */ = {isa = PBXFileReference; lastKnownFileType = sourcecode.swift; path = exchangeVC.swift; sourceTree = "<group>"; };
		FAA2839921212EA700BB3FE9 /* dra1.swift */ = {isa = PBXFileReference; lastKnownFileType = sourcecode.swift; path = dra1.swift; sourceTree = "<group>"; };
		FAA2839B21212EB500BB3FE9 /* dra2.swift */ = {isa = PBXFileReference; lastKnownFileType = sourcecode.swift; path = dra2.swift; sourceTree = "<group>"; };
		FAA2839D2122520000BB3FE9 /* dra3.swift */ = {isa = PBXFileReference; lastKnownFileType = sourcecode.swift; path = dra3.swift; sourceTree = "<group>"; };
		FAB18EA1210BB9D100439E3C /* TableViewCell2.swift */ = {isa = PBXFileReference; lastKnownFileType = sourcecode.swift; path = TableViewCell2.swift; sourceTree = "<group>"; };
		FAB18EA2210BB9D100439E3C /* TableViewCell2.xib */ = {isa = PBXFileReference; lastKnownFileType = file.xib; path = TableViewCell2.xib; sourceTree = "<group>"; };
		FAB18EA5210BBD6000439E3C /* CollectionTVC.swift */ = {isa = PBXFileReference; lastKnownFileType = sourcecode.swift; path = CollectionTVC.swift; sourceTree = "<group>"; };
		FAC7EB662116359500FE2FDE /* personalVC.swift */ = {isa = PBXFileReference; lastKnownFileType = sourcecode.swift; path = personalVC.swift; sourceTree = "<group>"; };
		FAEB9EBA211E9661004F8DA0 /* sentTBC.swift */ = {isa = PBXFileReference; lastKnownFileType = sourcecode.swift; path = sentTBC.swift; sourceTree = "<group>"; };
/* End PBXFileReference section */

/* Begin PBXFrameworksBuildPhase section */
		516F7FB7210101BB001C0C55 /* Frameworks */ = {
			isa = PBXFrameworksBuildPhase;
			buildActionMask = 2147483647;
			files = (
				BB2D11734CEC59DE84887112 /* Pods_llv2.framework in Frameworks */,
			);
			runOnlyForDeploymentPostprocessing = 0;
		};
		516F7FCB210101BD001C0C55 /* Frameworks */ = {
			isa = PBXFrameworksBuildPhase;
			buildActionMask = 2147483647;
			files = (
				314BBBB569E58D04C49DCB99 /* Pods_llv2Tests.framework in Frameworks */,
			);
			runOnlyForDeploymentPostprocessing = 0;
		};
		516F7FD6210101BD001C0C55 /* Frameworks */ = {
			isa = PBXFrameworksBuildPhase;
			buildActionMask = 2147483647;
			files = (
				8DE366A61B7E0BF592006F26 /* Pods_llv2UITests.framework in Frameworks */,
			);
			runOnlyForDeploymentPostprocessing = 0;
		};
/* End PBXFrameworksBuildPhase section */

/* Begin PBXGroup section */
		1C547D5D43FB59BB62F11217 /* Pods */ = {
			isa = PBXGroup;
			children = (
				5E57A1D2C0F8FDC1089BDE4B /* Pods-llv2.debug.xcconfig */,
				9A45341CAAFB334857A362E2 /* Pods-llv2.release.xcconfig */,
				5DCC7E38A6E9E8BCF7FC66D5 /* Pods-llv2Tests.debug.xcconfig */,
				7455DF52F7C9EFE395776486 /* Pods-llv2Tests.release.xcconfig */,
				F31EDFF509925B70133C3FB1 /* Pods-llv2UITests.debug.xcconfig */,
				D315C848D886DCBB8F607BC6 /* Pods-llv2UITests.release.xcconfig */,
			);
			name = Pods;
			sourceTree = "<group>";
		};
		3516F662AC378331F154F5A6 /* Frameworks */ = {
			isa = PBXGroup;
			children = (
				C1643E26BC66856089A33E2E /* Pods_llv2.framework */,
				F92FB5C7110457E331FC75C8 /* Pods_llv2Tests.framework */,
				A1327D6AF37BDCE47C29572C /* Pods_llv2UITests.framework */,
			);
			name = Frameworks;
			sourceTree = "<group>";
		};
		51626E0C210106B10047B303 /* SWRevealViewController */ = {
			isa = PBXGroup;
			children = (
				51626E0D210106B10047B303 /* SWRevealViewController.h */,
				51626E0E210106B10047B303 /* SWRevealViewController.m */,
				51626E11210106E90047B303 /* llv2-Bridging-Header.h */,
			);
			path = SWRevealViewController;
			sourceTree = "<group>";
		};
		516F7FB1210101BB001C0C55 = {
			isa = PBXGroup;
			children = (
				516F7FBC210101BB001C0C55 /* llv2 */,
				516F7FD1210101BD001C0C55 /* llv2Tests */,
				516F7FDC210101BD001C0C55 /* llv2UITests */,
				516F7FBB210101BB001C0C55 /* Products */,
				1C547D5D43FB59BB62F11217 /* Pods */,
				3516F662AC378331F154F5A6 /* Frameworks */,
			);
			sourceTree = "<group>";
		};
		516F7FBB210101BB001C0C55 /* Products */ = {
			isa = PBXGroup;
			children = (
				516F7FBA210101BB001C0C55 /* llv2.app */,
				516F7FCE210101BD001C0C55 /* llv2Tests.xctest */,
				516F7FD9210101BD001C0C55 /* llv2UITests.xctest */,
			);
			name = Products;
			sourceTree = "<group>";
		};
		516F7FBC210101BB001C0C55 /* llv2 */ = {
			isa = PBXGroup;
			children = (
				FA1454F7212A75F400B03E1D /* 搜索 */,
				51A7E725211E86360022AD66 /* 私信 */,
				FA968171211CDB38006250BD /* 收藏、已发 */,
				FA93FF50210900F90070DD60 /* image */,
				FA93FF4F2108EDF20070DD60 /* MainListPage */,
				FA93FF482108ED130070DD60 /* sendAd */,
				FAA28F672106674D005529FA /* Setting Page */,
				FAA28F3E2103C611005529FA /* login */,
				51626E0C210106B10047B303 /* SWRevealViewController */,
				516F7FBD210101BB001C0C55 /* AppDelegate.swift */,
				516F7FBF210101BB001C0C55 /* ViewController.swift */,
				516F7FC1210101BB001C0C55 /* Main.storyboard */,
				51626E122101086F0047B303 /* GoogleService-Info.plist */,
				51B562552101023000FF8D25 /* menuController.swift */,
				51B5624E2101022E00FF8D25 /* revealController.swift */,
				51B5624F2101022E00FF8D25 /* xianzhiViewController.swift */,
				516F7FC4210101BD001C0C55 /* Assets.xcassets */,
				FA93FF532109010F0070DD60 /* IMG_5333.jpg */,
				FA93FF52210901020070DD60 /* IMG_2159.jpg */,
				516F7FC6210101BD001C0C55 /* LaunchScreen.storyboard */,
				516F7FC9210101BD001C0C55 /* Info.plist */,
				512FE162210F666F00B40223 /* UserService.swift */,
			);
			path = llv2;
			sourceTree = "<group>";
		};
		516F7FD1210101BD001C0C55 /* llv2Tests */ = {
			isa = PBXGroup;
			children = (
				516F7FD2210101BD001C0C55 /* llv2Tests.swift */,
				516F7FD4210101BD001C0C55 /* Info.plist */,
			);
			path = llv2Tests;
			sourceTree = "<group>";
		};
		516F7FDC210101BD001C0C55 /* llv2UITests */ = {
			isa = PBXGroup;
			children = (
				516F7FDD210101BD001C0C55 /* llv2UITests.swift */,
				516F7FDF210101BD001C0C55 /* Info.plist */,
			);
			path = llv2UITests;
			sourceTree = "<group>";
		};
		51A7E725211E86360022AD66 /* 私信 */ = {
			isa = PBXGroup;
			children = (
				51A7E72E211E9C7E0022AD66 /* chatLog.swift */,
				51B52D4B211F982400D2B9E9 /* Message.swift */,
				51B52D5C211FA5FB00D2B9E9 /* myMesController.swift */,
				51B52D5E211FE0D200D2B9E9 /* messageRecCell.swift */,
				51B52D5F211FE0D200D2B9E9 /* messageRecCell.xib */,
				51A077B82123C9AE005DC26E /* CollectionViewCell.swift */,
			);
			path = "私信";
			sourceTree = "<group>";
		};
		FA1454F7212A75F400B03E1D /* 搜索 */ = {
			isa = PBXGroup;
			children = (
				FA3F68B1212A83A20061572E /* carpoolSearchVC.swift */,
				FA3F68B2212A83A20061572E /* exchangeSearchVC.swift */,
				FA3F68B0212A83A20061572E /* xianzhiSearchVC.swift */,
			);
			path = "搜索";
			sourceTree = "<group>";
		};
		FA93FF482108ED130070DD60 /* sendAd */ = {
			isa = PBXGroup;
			children = (
				51B562502101022F00FF8D25 /* sendAdViewContronller.swift */,
				51B562572101023000FF8D25 /* carpoolAdViewController.swift */,
				FA93FF54210ABD0B0070DD60 /* exchangeVC.swift */,
				5134CD6E21153E3500CDD11F /* xianzhiVController.swift */,
			);
			path = sendAd;
			sourceTree = "<group>";
		};
		FA93FF4F2108EDF20070DD60 /* MainListPage */ = {
			isa = PBXGroup;
			children = (
				FA93FF492108ED7B0070DD60 /* xainzhiTVC.swift */,
				FA93FF4B2108EDD40070DD60 /* TableViewCell1.swift */,
				FA93FF4C2108EDD40070DD60 /* TableViewCell1.xib */,
				FAB18EA1210BB9D100439E3C /* TableViewCell2.swift */,
				FAB18EA2210BB9D100439E3C /* TableViewCell2.xib */,
				FA28F774210CFCC600D4D5BC /* exchangeTVC.swift */,
				FA323A09210CFEC8003066D3 /* TableViewCell3.swift */,
				FA323A0A210CFEC8003066D3 /* TableViewCell3.xib */,
				FAB18EA5210BBD6000439E3C /* CollectionTVC.swift */,
				FA323A1321102323003066D3 /* CarVC.swift */,
				FA270008211B41E000B6133A /* alreadySendVC.swift */,
				519B31E8211BEBFB002850AB /* profileCheckController.swift */,
				518BD2C3211D464D00B56514 /* checkXianzhiController.swift */,
				518BD2C1211D402F00B56514 /* checkCarpoolController.swift */,
			);
			path = MainListPage;
			sourceTree = "<group>";
		};
		FA968171211CDB38006250BD /* 收藏、已发 */ = {
			isa = PBXGroup;
			children = (
				FA1454EB2123C49A00B03E1D /* LikeTab.swift */,
				FAA2839921212EA700BB3FE9 /* dra1.swift */,
				FAA2839B21212EB500BB3FE9 /* dra2.swift */,
				FAA2839D2122520000BB3FE9 /* dra3.swift */,
				FAEB9EBA211E9661004F8DA0 /* sentTBC.swift */,
				FA1454ED2123CCD300B03E1D /* sent1.swift */,
				FA1454EF2123CCDE00B03E1D /* sent2.swift */,
				FA1454F12123CCE800B03E1D /* sent3.swift */,
			);
			path = "收藏、已发";
			sourceTree = "<group>";
		};
		FAA28F3E2103C611005529FA /* login */ = {
			isa = PBXGroup;
			children = (
				51B562532101022F00FF8D25 /* profileViewController.swift */,
				51A837DA2108C2A5009D17D5 /* changePictureViewController.swift */,
				51B562582101023000FF8D25 /* registerViewController.swift */,
				51B562562101023000FF8D25 /* loginController.swift */,
				514FAD1F210A361800C780AD /* forgetPassViewController.swift */,
			);
			name = login;
			sourceTree = "<group>";
		};
		FAA28F672106674D005529FA /* Setting Page */ = {
			isa = PBXGroup;
			children = (
				FA93FF462108155E0070DD60 /* settingPageVC.swift */,
				FAC7EB662116359500FE2FDE /* personalVC.swift */,
				FA1454F5212921FF00B03E1D /* cacheVC.swift */,
			);
			name = "Setting Page";
			sourceTree = "<group>";
		};
/* End PBXGroup section */

/* Begin PBXNativeTarget section */
		516F7FB9210101BB001C0C55 /* llv2 */ = {
			isa = PBXNativeTarget;
			buildConfigurationList = 516F7FE2210101BD001C0C55 /* Build configuration list for PBXNativeTarget "llv2" */;
			buildPhases = (
				0DB08346FD8C9FA8D317FA8A /* [CP] Check Pods Manifest.lock */,
				516F7FB6210101BB001C0C55 /* Sources */,
				516F7FB7210101BB001C0C55 /* Frameworks */,
				516F7FB8210101BB001C0C55 /* Resources */,
				12D29754AB38326A667ED002 /* [CP] Embed Pods Frameworks */,
			);
			buildRules = (
			);
			dependencies = (
			);
			name = llv2;
			productName = llv2;
			productReference = 516F7FBA210101BB001C0C55 /* llv2.app */;
			productType = "com.apple.product-type.application";
		};
		516F7FCD210101BD001C0C55 /* llv2Tests */ = {
			isa = PBXNativeTarget;
			buildConfigurationList = 516F7FE5210101BD001C0C55 /* Build configuration list for PBXNativeTarget "llv2Tests" */;
			buildPhases = (
				02367E50B2CCC7E0DE7C0129 /* [CP] Check Pods Manifest.lock */,
				516F7FCA210101BD001C0C55 /* Sources */,
				516F7FCB210101BD001C0C55 /* Frameworks */,
				516F7FCC210101BD001C0C55 /* Resources */,
			);
			buildRules = (
			);
			dependencies = (
				516F7FD0210101BD001C0C55 /* PBXTargetDependency */,
			);
			name = llv2Tests;
			productName = llv2Tests;
			productReference = 516F7FCE210101BD001C0C55 /* llv2Tests.xctest */;
			productType = "com.apple.product-type.bundle.unit-test";
		};
		516F7FD8210101BD001C0C55 /* llv2UITests */ = {
			isa = PBXNativeTarget;
			buildConfigurationList = 516F7FE8210101BD001C0C55 /* Build configuration list for PBXNativeTarget "llv2UITests" */;
			buildPhases = (
				446D84C030782421348C758C /* [CP] Check Pods Manifest.lock */,
				516F7FD5210101BD001C0C55 /* Sources */,
				516F7FD6210101BD001C0C55 /* Frameworks */,
				516F7FD7210101BD001C0C55 /* Resources */,
			);
			buildRules = (
			);
			dependencies = (
				516F7FDB210101BD001C0C55 /* PBXTargetDependency */,
			);
			name = llv2UITests;
			productName = llv2UITests;
			productReference = 516F7FD9210101BD001C0C55 /* llv2UITests.xctest */;
			productType = "com.apple.product-type.bundle.ui-testing";
		};
/* End PBXNativeTarget section */

/* Begin PBXProject section */
		516F7FB2210101BB001C0C55 /* Project object */ = {
			isa = PBXProject;
			attributes = {
				LastSwiftUpdateCheck = 0940;
				LastUpgradeCheck = 0940;
				ORGANIZATIONNAME = "Luna Cao";
				TargetAttributes = {
					516F7FB9210101BB001C0C55 = {
						CreatedOnToolsVersion = 9.4.1;
						LastSwiftMigration = 0940;
						SystemCapabilities = {
							com.apple.BackgroundModes = {
								enabled = 0;
							};
						};
					};
					516F7FCD210101BD001C0C55 = {
						CreatedOnToolsVersion = 9.4.1;
						TestTargetID = 516F7FB9210101BB001C0C55;
					};
					516F7FD8210101BD001C0C55 = {
						CreatedOnToolsVersion = 9.4.1;
						TestTargetID = 516F7FB9210101BB001C0C55;
					};
				};
			};
			buildConfigurationList = 516F7FB5210101BB001C0C55 /* Build configuration list for PBXProject "llv2" */;
			compatibilityVersion = "Xcode 9.3";
			developmentRegion = en;
			hasScannedForEncodings = 0;
			knownRegions = (
				en,
				Base,
			);
			mainGroup = 516F7FB1210101BB001C0C55;
			productRefGroup = 516F7FBB210101BB001C0C55 /* Products */;
			projectDirPath = "";
			projectRoot = "";
			targets = (
				516F7FB9210101BB001C0C55 /* llv2 */,
				516F7FCD210101BD001C0C55 /* llv2Tests */,
				516F7FD8210101BD001C0C55 /* llv2UITests */,
			);
		};
/* End PBXProject section */

/* Begin PBXResourcesBuildPhase section */
		516F7FB8210101BB001C0C55 /* Resources */ = {
			isa = PBXResourcesBuildPhase;
			buildActionMask = 2147483647;
			files = (
				FA93FF51210900F90070DD60 /* image in Resources */,
				FA323A0C210CFEC8003066D3 /* TableViewCell3.xib in Resources */,
				FA93FF4E2108EDD40070DD60 /* TableViewCell1.xib in Resources */,
				FAB18EA4210BB9D100439E3C /* TableViewCell2.xib in Resources */,
				516F7FC8210101BD001C0C55 /* LaunchScreen.storyboard in Resources */,
				51B52D61211FE0D200D2B9E9 /* messageRecCell.xib in Resources */,
				51626E13210108700047B303 /* GoogleService-Info.plist in Resources */,
				516F7FC5210101BD001C0C55 /* Assets.xcassets in Resources */,
				516F7FC3210101BB001C0C55 /* Main.storyboard in Resources */,
			);
			runOnlyForDeploymentPostprocessing = 0;
		};
		516F7FCC210101BD001C0C55 /* Resources */ = {
			isa = PBXResourcesBuildPhase;
			buildActionMask = 2147483647;
			files = (
			);
			runOnlyForDeploymentPostprocessing = 0;
		};
		516F7FD7210101BD001C0C55 /* Resources */ = {
			isa = PBXResourcesBuildPhase;
			buildActionMask = 2147483647;
			files = (
			);
			runOnlyForDeploymentPostprocessing = 0;
		};
/* End PBXResourcesBuildPhase section */

/* Begin PBXShellScriptBuildPhase section */
		02367E50B2CCC7E0DE7C0129 /* [CP] Check Pods Manifest.lock */ = {
			isa = PBXShellScriptBuildPhase;
			buildActionMask = 2147483647;
			files = (
			);
			inputPaths = (
				"${PODS_PODFILE_DIR_PATH}/Podfile.lock",
				"${PODS_ROOT}/Manifest.lock",
			);
			name = "[CP] Check Pods Manifest.lock";
			outputPaths = (
				"$(DERIVED_FILE_DIR)/Pods-llv2Tests-checkManifestLockResult.txt",
			);
			runOnlyForDeploymentPostprocessing = 0;
			shellPath = /bin/sh;
			shellScript = "diff \"${PODS_PODFILE_DIR_PATH}/Podfile.lock\" \"${PODS_ROOT}/Manifest.lock\" > /dev/null\nif [ $? != 0 ] ; then\n    # print error to STDERR\n    echo \"error: The sandbox is not in sync with the Podfile.lock. Run 'pod install' or update your CocoaPods installation.\" >&2\n    exit 1\nfi\n# This output is used by Xcode 'outputs' to avoid re-running this script phase.\necho \"SUCCESS\" > \"${SCRIPT_OUTPUT_FILE_0}\"\n";
			showEnvVarsInLog = 0;
		};
		0DB08346FD8C9FA8D317FA8A /* [CP] Check Pods Manifest.lock */ = {
			isa = PBXShellScriptBuildPhase;
			buildActionMask = 2147483647;
			files = (
			);
			inputPaths = (
				"${PODS_PODFILE_DIR_PATH}/Podfile.lock",
				"${PODS_ROOT}/Manifest.lock",
			);
			name = "[CP] Check Pods Manifest.lock";
			outputPaths = (
				"$(DERIVED_FILE_DIR)/Pods-llv2-checkManifestLockResult.txt",
			);
			runOnlyForDeploymentPostprocessing = 0;
			shellPath = /bin/sh;
			shellScript = "diff \"${PODS_PODFILE_DIR_PATH}/Podfile.lock\" \"${PODS_ROOT}/Manifest.lock\" > /dev/null\nif [ $? != 0 ] ; then\n    # print error to STDERR\n    echo \"error: The sandbox is not in sync with the Podfile.lock. Run 'pod install' or update your CocoaPods installation.\" >&2\n    exit 1\nfi\n# This output is used by Xcode 'outputs' to avoid re-running this script phase.\necho \"SUCCESS\" > \"${SCRIPT_OUTPUT_FILE_0}\"\n";
			showEnvVarsInLog = 0;
		};
		12D29754AB38326A667ED002 /* [CP] Embed Pods Frameworks */ = {
			isa = PBXShellScriptBuildPhase;
			buildActionMask = 2147483647;
			files = (
			);
			inputPaths = (
				"${SRCROOT}/Pods/Target Support Files/Pods-llv2/Pods-llv2-frameworks.sh",
				"${BUILT_PRODUCTS_DIR}/Cache/Cache.framework",
				"${BUILT_PRODUCTS_DIR}/GTMSessionFetcher/GTMSessionFetcher.framework",
				"${BUILT_PRODUCTS_DIR}/GoogleUtilities/GoogleUtilities.framework",
				"${BUILT_PRODUCTS_DIR}/Hue/Hue.framework",
				"${BUILT_PRODUCTS_DIR}/ImagePicker/ImagePicker.framework",
				"${BUILT_PRODUCTS_DIR}/Imaginary/Imaginary.framework",
				"${BUILT_PRODUCTS_DIR}/Kingfisher/Kingfisher.framework",
				"${BUILT_PRODUCTS_DIR}/Lightbox/Lightbox.framework",
				"${BUILT_PRODUCTS_DIR}/MessageKit/MessageKit.framework",
				"${BUILT_PRODUCTS_DIR}/Protobuf/Protobuf.framework",
				"${BUILT_PRODUCTS_DIR}/leveldb-library/leveldb.framework",
				"${BUILT_PRODUCTS_DIR}/nanopb/nanopb.framework",
			);
			name = "[CP] Embed Pods Frameworks";
			outputPaths = (
				"${TARGET_BUILD_DIR}/${FRAMEWORKS_FOLDER_PATH}/Cache.framework",
				"${TARGET_BUILD_DIR}/${FRAMEWORKS_FOLDER_PATH}/GTMSessionFetcher.framework",
				"${TARGET_BUILD_DIR}/${FRAMEWORKS_FOLDER_PATH}/GoogleUtilities.framework",
				"${TARGET_BUILD_DIR}/${FRAMEWORKS_FOLDER_PATH}/Hue.framework",
				"${TARGET_BUILD_DIR}/${FRAMEWORKS_FOLDER_PATH}/ImagePicker.framework",
				"${TARGET_BUILD_DIR}/${FRAMEWORKS_FOLDER_PATH}/Imaginary.framework",
				"${TARGET_BUILD_DIR}/${FRAMEWORKS_FOLDER_PATH}/Kingfisher.framework",
				"${TARGET_BUILD_DIR}/${FRAMEWORKS_FOLDER_PATH}/Lightbox.framework",
				"${TARGET_BUILD_DIR}/${FRAMEWORKS_FOLDER_PATH}/MessageKit.framework",
				"${TARGET_BUILD_DIR}/${FRAMEWORKS_FOLDER_PATH}/Protobuf.framework",
				"${TARGET_BUILD_DIR}/${FRAMEWORKS_FOLDER_PATH}/leveldb.framework",
				"${TARGET_BUILD_DIR}/${FRAMEWORKS_FOLDER_PATH}/nanopb.framework",
			);
			runOnlyForDeploymentPostprocessing = 0;
			shellPath = /bin/sh;
			shellScript = "\"${SRCROOT}/Pods/Target Support Files/Pods-llv2/Pods-llv2-frameworks.sh\"\n";
			showEnvVarsInLog = 0;
		};
		446D84C030782421348C758C /* [CP] Check Pods Manifest.lock */ = {
			isa = PBXShellScriptBuildPhase;
			buildActionMask = 2147483647;
			files = (
			);
			inputPaths = (
				"${PODS_PODFILE_DIR_PATH}/Podfile.lock",
				"${PODS_ROOT}/Manifest.lock",
			);
			name = "[CP] Check Pods Manifest.lock";
			outputPaths = (
				"$(DERIVED_FILE_DIR)/Pods-llv2UITests-checkManifestLockResult.txt",
			);
			runOnlyForDeploymentPostprocessing = 0;
			shellPath = /bin/sh;
			shellScript = "diff \"${PODS_PODFILE_DIR_PATH}/Podfile.lock\" \"${PODS_ROOT}/Manifest.lock\" > /dev/null\nif [ $? != 0 ] ; then\n    # print error to STDERR\n    echo \"error: The sandbox is not in sync with the Podfile.lock. Run 'pod install' or update your CocoaPods installation.\" >&2\n    exit 1\nfi\n# This output is used by Xcode 'outputs' to avoid re-running this script phase.\necho \"SUCCESS\" > \"${SCRIPT_OUTPUT_FILE_0}\"\n";
			showEnvVarsInLog = 0;
		};
/* End PBXShellScriptBuildPhase section */

/* Begin PBXSourcesBuildPhase section */
		516F7FB6210101BB001C0C55 /* Sources */ = {
			isa = PBXSourcesBuildPhase;
			buildActionMask = 2147483647;
			files = (
				FA3F68B4212A83A20061572E /* carpoolSearchVC.swift in Sources */,
				FAB18EA6210BBD6000439E3C /* CollectionTVC.swift in Sources */,
				51B52D60211FE0D200D2B9E9 /* messageRecCell.swift in Sources */,
				5134CD6F21153E3500CDD11F /* xianzhiVController.swift in Sources */,
				FAA2839A21212EA700BB3FE9 /* dra1.swift in Sources */,
				51B562602101023200FF8D25 /* revealController.swift in Sources */,
				FA270009211B41E000B6133A /* alreadySendVC.swift in Sources */,
				FA3F68B3212A83A20061572E /* xianzhiSearchVC.swift in Sources */,
				FA93FF4A2108ED7B0070DD60 /* xainzhiTVC.swift in Sources */,
				FAB18EA3210BB9D100439E3C /* TableViewCell2.swift in Sources */,
				514FAD20210A361800C780AD /* forgetPassViewController.swift in Sources */,
				516F7FC0210101BB001C0C55 /* ViewController.swift in Sources */,
				FAA2839C21212EB500BB3FE9 /* dra2.swift in Sources */,
				FA1454F02123CCDE00B03E1D /* sent2.swift in Sources */,
				FAA2839E2122520000BB3FE9 /* dra3.swift in Sources */,
				FA1454EC2123C49B00B03E1D /* LikeTab.swift in Sources */,
				FA323A0B210CFEC8003066D3 /* TableViewCell3.swift in Sources */,
				FA93FF472108155E0070DD60 /* settingPageVC.swift in Sources */,
				51B562652101023200FF8D25 /* profileViewController.swift in Sources */,
				FAC7EB672116359500FE2FDE /* personalVC.swift in Sources */,
				519B31E9211BEBFB002850AB /* profileCheckController.swift in Sources */,
				51B562692101023200FF8D25 /* carpoolAdViewController.swift in Sources */,
				51A077B92123C9AE005DC26E /* CollectionViewCell.swift in Sources */,
				51A837DB2108C2A5009D17D5 /* changePictureViewController.swift in Sources */,
				FA323A1421102323003066D3 /* CarVC.swift in Sources */,
				512FE163210F666F00B40223 /* UserService.swift in Sources */,
				FA28F775210CFCC600D4D5BC /* exchangeTVC.swift in Sources */,
				FA3F68B5212A83A20061572E /* exchangeSearchVC.swift in Sources */,
				51B562612101023200FF8D25 /* xianzhiViewController.swift in Sources */,
				FA93FF55210ABD0B0070DD60 /* exchangeVC.swift in Sources */,
				FAEB9EBB211E9661004F8DA0 /* sentTBC.swift in Sources */,
				518BD2C4211D464D00B56514 /* checkXianzhiController.swift in Sources */,
				FA1454F22123CCE800B03E1D /* sent3.swift in Sources */,
				518BD2C2211D402F00B56514 /* checkCarpoolController.swift in Sources */,
				516F7FBE210101BB001C0C55 /* AppDelegate.swift in Sources */,
				51B562622101023200FF8D25 /* sendAdViewContronller.swift in Sources */,
				51B52D5D211FA5FB00D2B9E9 /* myMesController.swift in Sources */,
				51A7E72F211E9C7F0022AD66 /* chatLog.swift in Sources */,
				FA1454EE2123CCD300B03E1D /* sent1.swift in Sources */,
				FA93FF4D2108EDD40070DD60 /* TableViewCell1.swift in Sources */,
				51626E10210106B10047B303 /* SWRevealViewController.m in Sources */,
				FA1454F6212921FF00B03E1D /* cacheVC.swift in Sources */,
				51B562682101023200FF8D25 /* loginController.swift in Sources */,
				51B562672101023200FF8D25 /* menuController.swift in Sources */,
				51B52D4C211F982400D2B9E9 /* Message.swift in Sources */,
				51B5626A2101023200FF8D25 /* registerViewController.swift in Sources */,
			);
			runOnlyForDeploymentPostprocessing = 0;
		};
		516F7FCA210101BD001C0C55 /* Sources */ = {
			isa = PBXSourcesBuildPhase;
			buildActionMask = 2147483647;
			files = (
				516F7FD3210101BD001C0C55 /* llv2Tests.swift in Sources */,
			);
			runOnlyForDeploymentPostprocessing = 0;
		};
		516F7FD5210101BD001C0C55 /* Sources */ = {
			isa = PBXSourcesBuildPhase;
			buildActionMask = 2147483647;
			files = (
				516F7FDE210101BD001C0C55 /* llv2UITests.swift in Sources */,
			);
			runOnlyForDeploymentPostprocessing = 0;
		};
/* End PBXSourcesBuildPhase section */

/* Begin PBXTargetDependency section */
		516F7FD0210101BD001C0C55 /* PBXTargetDependency */ = {
			isa = PBXTargetDependency;
			target = 516F7FB9210101BB001C0C55 /* llv2 */;
			targetProxy = 516F7FCF210101BD001C0C55 /* PBXContainerItemProxy */;
		};
		516F7FDB210101BD001C0C55 /* PBXTargetDependency */ = {
			isa = PBXTargetDependency;
			target = 516F7FB9210101BB001C0C55 /* llv2 */;
			targetProxy = 516F7FDA210101BD001C0C55 /* PBXContainerItemProxy */;
		};
/* End PBXTargetDependency section */

/* Begin PBXVariantGroup section */
		516F7FC1210101BB001C0C55 /* Main.storyboard */ = {
			isa = PBXVariantGroup;
			children = (
				516F7FC2210101BB001C0C55 /* Base */,
			);
			name = Main.storyboard;
			sourceTree = "<group>";
		};
		516F7FC6210101BD001C0C55 /* LaunchScreen.storyboard */ = {
			isa = PBXVariantGroup;
			children = (
				516F7FC7210101BD001C0C55 /* Base */,
			);
			name = LaunchScreen.storyboard;
			sourceTree = "<group>";
		};
/* End PBXVariantGroup section */

/* Begin XCBuildConfiguration section */
		516F7FE0210101BD001C0C55 /* Debug */ = {
			isa = XCBuildConfiguration;
			buildSettings = {
				ALWAYS_SEARCH_USER_PATHS = NO;
				CLANG_ANALYZER_NONNULL = YES;
				CLANG_ANALYZER_NUMBER_OBJECT_CONVERSION = YES_AGGRESSIVE;
				CLANG_CXX_LANGUAGE_STANDARD = "gnu++14";
				CLANG_CXX_LIBRARY = "libc++";
				CLANG_ENABLE_MODULES = YES;
				CLANG_ENABLE_OBJC_ARC = YES;
				CLANG_ENABLE_OBJC_WEAK = YES;
				CLANG_WARN_BLOCK_CAPTURE_AUTORELEASING = YES;
				CLANG_WARN_BOOL_CONVERSION = YES;
				CLANG_WARN_COMMA = YES;
				CLANG_WARN_CONSTANT_CONVERSION = YES;
				CLANG_WARN_DEPRECATED_OBJC_IMPLEMENTATIONS = YES;
				CLANG_WARN_DIRECT_OBJC_ISA_USAGE = YES_ERROR;
				CLANG_WARN_DOCUMENTATION_COMMENTS = YES;
				CLANG_WARN_EMPTY_BODY = YES;
				CLANG_WARN_ENUM_CONVERSION = YES;
				CLANG_WARN_INFINITE_RECURSION = YES;
				CLANG_WARN_INT_CONVERSION = YES;
				CLANG_WARN_NON_LITERAL_NULL_CONVERSION = YES;
				CLANG_WARN_OBJC_IMPLICIT_RETAIN_SELF = YES;
				CLANG_WARN_OBJC_LITERAL_CONVERSION = YES;
				CLANG_WARN_OBJC_ROOT_CLASS = YES_ERROR;
				CLANG_WARN_RANGE_LOOP_ANALYSIS = YES;
				CLANG_WARN_STRICT_PROTOTYPES = YES;
				CLANG_WARN_SUSPICIOUS_MOVE = YES;
				CLANG_WARN_UNGUARDED_AVAILABILITY = YES_AGGRESSIVE;
				CLANG_WARN_UNREACHABLE_CODE = YES;
				CLANG_WARN__DUPLICATE_METHOD_MATCH = YES;
				CODE_SIGN_IDENTITY = "iPhone Developer";
				COPY_PHASE_STRIP = NO;
				DEBUG_INFORMATION_FORMAT = dwarf;
				ENABLE_STRICT_OBJC_MSGSEND = YES;
				ENABLE_TESTABILITY = YES;
				GCC_C_LANGUAGE_STANDARD = gnu11;
				GCC_DYNAMIC_NO_PIC = NO;
				GCC_NO_COMMON_BLOCKS = YES;
				GCC_OPTIMIZATION_LEVEL = 0;
				GCC_PREPROCESSOR_DEFINITIONS = (
					"DEBUG=1",
					"$(inherited)",
				);
				GCC_WARN_64_TO_32_BIT_CONVERSION = YES;
				GCC_WARN_ABOUT_RETURN_TYPE = YES_ERROR;
				GCC_WARN_UNDECLARED_SELECTOR = YES;
				GCC_WARN_UNINITIALIZED_AUTOS = YES_AGGRESSIVE;
				GCC_WARN_UNUSED_FUNCTION = YES;
				GCC_WARN_UNUSED_VARIABLE = YES;
				IPHONEOS_DEPLOYMENT_TARGET = 11.4;
				MTL_ENABLE_DEBUG_INFO = YES;
				ONLY_ACTIVE_ARCH = YES;
				SDKROOT = iphoneos;
				SWIFT_ACTIVE_COMPILATION_CONDITIONS = DEBUG;
				SWIFT_OPTIMIZATION_LEVEL = "-Onone";
			};
			name = Debug;
		};
		516F7FE1210101BD001C0C55 /* Release */ = {
			isa = XCBuildConfiguration;
			buildSettings = {
				ALWAYS_SEARCH_USER_PATHS = NO;
				CLANG_ANALYZER_NONNULL = YES;
				CLANG_ANALYZER_NUMBER_OBJECT_CONVERSION = YES_AGGRESSIVE;
				CLANG_CXX_LANGUAGE_STANDARD = "gnu++14";
				CLANG_CXX_LIBRARY = "libc++";
				CLANG_ENABLE_MODULES = YES;
				CLANG_ENABLE_OBJC_ARC = YES;
				CLANG_ENABLE_OBJC_WEAK = YES;
				CLANG_WARN_BLOCK_CAPTURE_AUTORELEASING = YES;
				CLANG_WARN_BOOL_CONVERSION = YES;
				CLANG_WARN_COMMA = YES;
				CLANG_WARN_CONSTANT_CONVERSION = YES;
				CLANG_WARN_DEPRECATED_OBJC_IMPLEMENTATIONS = YES;
				CLANG_WARN_DIRECT_OBJC_ISA_USAGE = YES_ERROR;
				CLANG_WARN_DOCUMENTATION_COMMENTS = YES;
				CLANG_WARN_EMPTY_BODY = YES;
				CLANG_WARN_ENUM_CONVERSION = YES;
				CLANG_WARN_INFINITE_RECURSION = YES;
				CLANG_WARN_INT_CONVERSION = YES;
				CLANG_WARN_NON_LITERAL_NULL_CONVERSION = YES;
				CLANG_WARN_OBJC_IMPLICIT_RETAIN_SELF = YES;
				CLANG_WARN_OBJC_LITERAL_CONVERSION = YES;
				CLANG_WARN_OBJC_ROOT_CLASS = YES_ERROR;
				CLANG_WARN_RANGE_LOOP_ANALYSIS = YES;
				CLANG_WARN_STRICT_PROTOTYPES = YES;
				CLANG_WARN_SUSPICIOUS_MOVE = YES;
				CLANG_WARN_UNGUARDED_AVAILABILITY = YES_AGGRESSIVE;
				CLANG_WARN_UNREACHABLE_CODE = YES;
				CLANG_WARN__DUPLICATE_METHOD_MATCH = YES;
				CODE_SIGN_IDENTITY = "iPhone Developer";
				COPY_PHASE_STRIP = NO;
				DEBUG_INFORMATION_FORMAT = "dwarf-with-dsym";
				ENABLE_NS_ASSERTIONS = NO;
				ENABLE_STRICT_OBJC_MSGSEND = YES;
				GCC_C_LANGUAGE_STANDARD = gnu11;
				GCC_NO_COMMON_BLOCKS = YES;
				GCC_WARN_64_TO_32_BIT_CONVERSION = YES;
				GCC_WARN_ABOUT_RETURN_TYPE = YES_ERROR;
				GCC_WARN_UNDECLARED_SELECTOR = YES;
				GCC_WARN_UNINITIALIZED_AUTOS = YES_AGGRESSIVE;
				GCC_WARN_UNUSED_FUNCTION = YES;
				GCC_WARN_UNUSED_VARIABLE = YES;
				IPHONEOS_DEPLOYMENT_TARGET = 11.4;
				MTL_ENABLE_DEBUG_INFO = NO;
				SDKROOT = iphoneos;
				SWIFT_COMPILATION_MODE = wholemodule;
				SWIFT_OPTIMIZATION_LEVEL = "-O";
				VALIDATE_PRODUCT = YES;
			};
			name = Release;
		};
		516F7FE3210101BD001C0C55 /* Debug */ = {
			isa = XCBuildConfiguration;
			baseConfigurationReference = 5E57A1D2C0F8FDC1089BDE4B /* Pods-llv2.debug.xcconfig */;
			buildSettings = {
				ASSETCATALOG_COMPILER_APPICON_NAME = AppIcon;
				CLANG_ENABLE_MODULES = YES;
				CODE_SIGN_STYLE = Automatic;
				DEVELOPMENT_TEAM = 93B2NY6M8K;
				INFOPLIST_FILE = llv2/Info.plist;
				IPHONEOS_DEPLOYMENT_TARGET = 11.4;
				LD_RUNPATH_SEARCH_PATHS = (
					"$(inherited)",
					"@executable_path/Frameworks",
				);
				PRODUCT_BUNDLE_IDENTIFIER = prototypeproj.llv31;
				PRODUCT_NAME = "$(TARGET_NAME)";
				SWIFT_OBJC_BRIDGING_HEADER = "llv2/llv2-Bridging-Header.h";
				SWIFT_OPTIMIZATION_LEVEL = "-Onone";
				SWIFT_VERSION = 4.0;
				TARGETED_DEVICE_FAMILY = 1;
			};
			name = Debug;
		};
		516F7FE4210101BD001C0C55 /* Release */ = {
			isa = XCBuildConfiguration;
			baseConfigurationReference = 9A45341CAAFB334857A362E2 /* Pods-llv2.release.xcconfig */;
			buildSettings = {
				ASSETCATALOG_COMPILER_APPICON_NAME = AppIcon;
				CLANG_ENABLE_MODULES = YES;
				CODE_SIGN_STYLE = Automatic;
				DEVELOPMENT_TEAM = 93B2NY6M8K;
				INFOPLIST_FILE = llv2/Info.plist;
				IPHONEOS_DEPLOYMENT_TARGET = 11.4;
				LD_RUNPATH_SEARCH_PATHS = (
					"$(inherited)",
					"@executable_path/Frameworks",
				);
				PRODUCT_BUNDLE_IDENTIFIER = prototypeproj.llv31;
				PRODUCT_NAME = "$(TARGET_NAME)";
				SWIFT_OBJC_BRIDGING_HEADER = "llv2/llv2-Bridging-Header.h";
				SWIFT_VERSION = 4.0;
				TARGETED_DEVICE_FAMILY = 1;
			};
			name = Release;
		};
		516F7FE6210101BD001C0C55 /* Debug */ = {
			isa = XCBuildConfiguration;
			baseConfigurationReference = 5DCC7E38A6E9E8BCF7FC66D5 /* Pods-llv2Tests.debug.xcconfig */;
			buildSettings = {
				ALWAYS_EMBED_SWIFT_STANDARD_LIBRARIES = YES;
				BUNDLE_LOADER = "$(TEST_HOST)";
				CODE_SIGN_STYLE = Automatic;
				INFOPLIST_FILE = llv2Tests/Info.plist;
				LD_RUNPATH_SEARCH_PATHS = (
					"$(inherited)",
					"@executable_path/Frameworks",
					"@loader_path/Frameworks",
				);
				PRODUCT_BUNDLE_IDENTIFIER = prototypeprojectlaulu.llv2Tests;
				PRODUCT_NAME = "$(TARGET_NAME)";
				SWIFT_VERSION = 4.0;
				TARGETED_DEVICE_FAMILY = "1,2";
				TEST_HOST = "$(BUILT_PRODUCTS_DIR)/llv2.app/llv2";
			};
			name = Debug;
		};
		516F7FE7210101BD001C0C55 /* Release */ = {
			isa = XCBuildConfiguration;
			baseConfigurationReference = 7455DF52F7C9EFE395776486 /* Pods-llv2Tests.release.xcconfig */;
			buildSettings = {
				ALWAYS_EMBED_SWIFT_STANDARD_LIBRARIES = YES;
				BUNDLE_LOADER = "$(TEST_HOST)";
				CODE_SIGN_STYLE = Automatic;
				INFOPLIST_FILE = llv2Tests/Info.plist;
				LD_RUNPATH_SEARCH_PATHS = (
					"$(inherited)",
					"@executable_path/Frameworks",
					"@loader_path/Frameworks",
				);
				PRODUCT_BUNDLE_IDENTIFIER = prototypeprojectlaulu.llv2Tests;
				PRODUCT_NAME = "$(TARGET_NAME)";
				SWIFT_VERSION = 4.0;
				TARGETED_DEVICE_FAMILY = "1,2";
				TEST_HOST = "$(BUILT_PRODUCTS_DIR)/llv2.app/llv2";
			};
			name = Release;
		};
		516F7FE9210101BD001C0C55 /* Debug */ = {
			isa = XCBuildConfiguration;
			baseConfigurationReference = F31EDFF509925B70133C3FB1 /* Pods-llv2UITests.debug.xcconfig */;
			buildSettings = {
				ALWAYS_EMBED_SWIFT_STANDARD_LIBRARIES = YES;
				CODE_SIGN_STYLE = Automatic;
				INFOPLIST_FILE = llv2UITests/Info.plist;
				LD_RUNPATH_SEARCH_PATHS = (
					"$(inherited)",
					"@executable_path/Frameworks",
					"@loader_path/Frameworks",
				);
				PRODUCT_BUNDLE_IDENTIFIER = prototypeprojectlaulu.llv2UITests;
				PRODUCT_NAME = "$(TARGET_NAME)";
				SWIFT_VERSION = 4.0;
				TARGETED_DEVICE_FAMILY = "1,2";
				TEST_TARGET_NAME = llv2;
			};
			name = Debug;
		};
		516F7FEA210101BD001C0C55 /* Release */ = {
			isa = XCBuildConfiguration;
			baseConfigurationReference = D315C848D886DCBB8F607BC6 /* Pods-llv2UITests.release.xcconfig */;
			buildSettings = {
				ALWAYS_EMBED_SWIFT_STANDARD_LIBRARIES = YES;
				CODE_SIGN_STYLE = Automatic;
				INFOPLIST_FILE = llv2UITests/Info.plist;
				LD_RUNPATH_SEARCH_PATHS = (
					"$(inherited)",
					"@executable_path/Frameworks",
					"@loader_path/Frameworks",
				);
				PRODUCT_BUNDLE_IDENTIFIER = prototypeprojectlaulu.llv2UITests;
				PRODUCT_NAME = "$(TARGET_NAME)";
				SWIFT_VERSION = 4.0;
				TARGETED_DEVICE_FAMILY = "1,2";
				TEST_TARGET_NAME = llv2;
			};
			name = Release;
		};
/* End XCBuildConfiguration section */

/* Begin XCConfigurationList section */
		516F7FB5210101BB001C0C55 /* Build configuration list for PBXProject "llv2" */ = {
			isa = XCConfigurationList;
			buildConfigurations = (
				516F7FE0210101BD001C0C55 /* Debug */,
				516F7FE1210101BD001C0C55 /* Release */,
			);
			defaultConfigurationIsVisible = 0;
			defaultConfigurationName = Release;
		};
		516F7FE2210101BD001C0C55 /* Build configuration list for PBXNativeTarget "llv2" */ = {
			isa = XCConfigurationList;
			buildConfigurations = (
				516F7FE3210101BD001C0C55 /* Debug */,
				516F7FE4210101BD001C0C55 /* Release */,
			);
			defaultConfigurationIsVisible = 0;
			defaultConfigurationName = Release;
		};
		516F7FE5210101BD001C0C55 /* Build configuration list for PBXNativeTarget "llv2Tests" */ = {
			isa = XCConfigurationList;
			buildConfigurations = (
				516F7FE6210101BD001C0C55 /* Debug */,
				516F7FE7210101BD001C0C55 /* Release */,
			);
			defaultConfigurationIsVisible = 0;
			defaultConfigurationName = Release;
		};
		516F7FE8210101BD001C0C55 /* Build configuration list for PBXNativeTarget "llv2UITests" */ = {
			isa = XCConfigurationList;
			buildConfigurations = (
				516F7FE9210101BD001C0C55 /* Debug */,
				516F7FEA210101BD001C0C55 /* Release */,
			);
			defaultConfigurationIsVisible = 0;
			defaultConfigurationName = Release;
		};
/* End XCConfigurationList section */
	};
	rootObject = 516F7FB2210101BB001C0C55 /* Project object */;
}
